
Microsoft Visual Studio Solution File, Format Version 12.00
# Visual Studio Version 16
VisualStudioVersion = 16.0.28729.10
MinimumVisualStudioVersion = 10.0.40219.1
Project("{9A19103F-16F7-4668-BE54-9A1E7A4F7556}") = "epi-info-boilerplate", "epi-info-boilerplate.csproj", "{5B552F27-2B68-4A75-8FC8-E876EE5C08DF}"
EndProject
Global
	GlobalSection(SolutionConfigurationPlatforms) = preSolution
		Debug|Any CPU = Debug|Any CPU
		Release|Any CPU = Release|Any CPU
	EndGlobalSection
	GlobalSection(ProjectConfigurationPlatforms) = postSolution
		{5B552F27-2B68-4A75-8FC8-E876EE5C08DF}.Debug|Any CPU.ActiveCfg = Debug|Any CPU
		{5B552F27-2B68-4A75-8FC8-E876EE5C08DF}.Debug|Any CPU.Build.0 = Debug|Any CPU
		{5B552F27-2B68-4A75-8FC8-E876EE5C08DF}.Release|Any CPU.ActiveCfg = Release|Any CPU
		{5B552F27-2B68-4A75-8FC8-E876EE5C08DF}.Release|Any CPU.Build.0 = Release|Any CPU
	EndGlobalSection
	GlobalSection(SolutionProperties) = preSolution
		HideSolutionNode = FALSE
	EndGlobalSection
	GlobalSection(ExtensibilityGlobals) = postSolution
		SolutionGuid = {C7F62AE9-2FAE-4760-8AC4-25FB7B1D7180}
	EndGlobalSection
EndGlobal
